
Microsoft Visual Studio Solution File, Format Version 12.00
# Visual Studio 15
VisualStudioVersion = 15.0.27004.2009
MinimumVisualStudioVersion = 10.0.40219.1
Project("{FAE04EC0-301F-11D3-BF4B-00C04F79EFBC}") = "RestaurantReport", "RestaurantReport\RestaurantReport.csproj", "{DB636E23-4E12-433C-8FE3-6B579EF33B22}"
EndProject
Global
	GlobalSection(SolutionConfigurationPlatforms) = preSolution
		Debug|Any CPU = Debug|Any CPU
		Release|Any CPU = Release|Any CPU
	EndGlobalSection
	GlobalSection(ProjectConfigurationPlatforms) = postSolution
		{DB636E23-4E12-433C-8FE3-6B579EF33B22}.Debug|Any CPU.ActiveCfg = Debug|Any CPU
		{DB636E23-4E12-433C-8FE3-6B579EF33B22}.Debug|Any CPU.Build.0 = Debug|Any CPU
		{DB636E23-4E12-433C-8FE3-6B579EF33B22}.Release|Any CPU.ActiveCfg = Release|Any CPU
		{DB636E23-4E12-433C-8FE3-6B579EF33B22}.Release|Any CPU.Build.0 = Release|Any CPU
	EndGlobalSection
	GlobalSection(SolutionProperties) = preSolution
		HideSolutionNode = FALSE
	EndGlobalSection
	GlobalSection(ExtensibilityGlobals) = postSolution
		SolutionGuid = {B063CB6A-EAD1-4A78-81D3-34788B6A082E}
	EndGlobalSection
EndGlobal
